Microsoft Visual Studio Solution File, Format Version 12.00
# Visual Studio Version 17
VisualStudioVersion = 17.5.2.0
MinimumVisualStudioVersion = 10.0.40219.1
Project("{FAE04EC0-301F-11D3-BF4B-00C04F79EFBC}") = "BlazorSuperApp", "BlazorSuperApp.csproj", "{36F2680A-7A30-7585-D427-9D403FB9B563}"
EndProject
Global
	GlobalSection(SolutionConfigurationPlatforms) = preSolution
		Debug|Any CPU = Debug|Any CPU
		Release|Any CPU = Release|Any CPU
	EndGlobalSection
	GlobalSection(ProjectConfigurationPlatforms) = postSolution
		{36F2680A-7A30-7585-D427-9D403FB9B563}.Debug|Any CPU.ActiveCfg = Debug|Any CPU
		{36F2680A-7A30-7585-D427-9D403FB9B563}.Debug|Any CPU.Build.0 = Debug|Any CPU
		{36F2680A-7A30-7585-D427-9D403FB9B563}.Release|Any CPU.ActiveCfg = Release|Any CPU
		{36F2680A-7A30-7585-D427-9D403FB9B563}.Release|Any CPU.Build.0 = Release|Any CPU
	EndGlobalSection
	GlobalSection(SolutionProperties) = preSolution
		HideSolutionNode = FALSE
	EndGlobalSection
	GlobalSection(ExtensibilityGlobals) = postSolution
		SolutionGuid = {EA3FD9DC-F6D0-4571-88FF-6662D8BDC0F3}
	EndGlobalSection
EndGlobal
